
Microsoft Visual Studio Solution File, Format Version 12.00
# Visual Studio Version 16
VisualStudioVersion = 16.0.30804.86
MinimumVisualStudioVersion = 10.0.40219.1
Project("{FAE04EC0-301F-11D3-BF4B-00C04F79EFBC}") = "Blend2D-Samples", "Blend2D-Samples\Blend2D-Samples.csproj", "{A6E6D5CA-AC7A-4754-8982-6CD8F9805EC8}"
EndProject
Project("{8BC9CEB8-8B4A-11D0-8D11-00A0C91BC942}") = "Blend2D-CLI", "Blend2D-CLI\Blend2D-CLI.vcxproj", "{58F8BC25-1CDA-4C6F-985C-04DD641DC03E}"
EndProject
Global
	GlobalSection(SolutionConfigurationPlatforms) = preSolution
		Debug|x64 = Debug|x64
		Debug|x86 = Debug|x86
		Release|x64 = Release|x64
		Release|x86 = Release|x86
	EndGlobalSection
	GlobalSection(ProjectConfigurationPlatforms) = postSolution
		{A6E6D5CA-AC7A-4754-8982-6CD8F9805EC8}.Debug|x64.ActiveCfg = Debug|x64
		{A6E6D5CA-AC7A-4754-8982-6CD8F9805EC8}.Debug|x64.Build.0 = Debug|x64
		{A6E6D5CA-AC7A-4754-8982-6CD8F9805EC8}.Debug|x86.ActiveCfg = Debug|x86
		{A6E6D5CA-AC7A-4754-8982-6CD8F9805EC8}.Debug|x86.Build.0 = Debug|x86
		{A6E6D5CA-AC7A-4754-8982-6CD8F9805EC8}.Release|x64.ActiveCfg = Release|x64
		{A6E6D5CA-AC7A-4754-8982-6CD8F9805EC8}.Release|x64.Build.0 = Release|x64
		{A6E6D5CA-AC7A-4754-8982-6CD8F9805EC8}.Release|x86.ActiveCfg = Release|x86
		{A6E6D5CA-AC7A-4754-8982-6CD8F9805EC8}.Release|x86.Build.0 = Release|x86
		{58F8BC25-1CDA-4C6F-985C-04DD641DC03E}.Debug|x64.ActiveCfg = Debug|x64
		{58F8BC25-1CDA-4C6F-985C-04DD641DC03E}.Debug|x64.Build.0 = Debug|x64
		{58F8BC25-1CDA-4C6F-985C-04DD641DC03E}.Debug|x86.ActiveCfg = Debug|Win32
		{58F8BC25-1CDA-4C6F-985C-04DD641DC03E}.Debug|x86.Build.0 = Debug|Win32
		{58F8BC25-1CDA-4C6F-985C-04DD641DC03E}.Release|x64.ActiveCfg = Release|x64
		{58F8BC25-1CDA-4C6F-985C-04DD641DC03E}.Release|x64.Build.0 = Release|x64
		{58F8BC25-1CDA-4C6F-985C-04DD641DC03E}.Release|x86.ActiveCfg = Release|Win32
		{58F8BC25-1CDA-4C6F-985C-04DD641DC03E}.Release|x86.Build.0 = Release|Win32
	EndGlobalSection
	GlobalSection(SolutionProperties) = preSolution
		HideSolutionNode = FALSE
	EndGlobalSection
	GlobalSection(ExtensibilityGlobals) = postSolution
		SolutionGuid = {FECBF2A9-9ABA-4101-8C0D-22ACE2856128}
	EndGlobalSection
EndGlobal
